
Microsoft Visual Studio Solution File, Format Version 12.00
# Visual Studio Version 16
VisualStudioVersion = 16.0.31613.86
MinimumVisualStudioVersion = 10.0.40219.1
Project("{FAE04EC0-301F-11D3-BF4B-00C04F79EFBC}") = "D4_client", "D4\D4_client.csproj", "{1A311263-6076-432E-AD91-18C05A0E3239}"
EndProject
Project("{FAE04EC0-301F-11D3-BF4B-00C04F79EFBC}") = "D4_server", "D4_sender\D4_server.csproj", "{770256DA-FAC8-4A67-8B18-BCB0FD0AFF9B}"
EndProject
Global
	GlobalSection(SolutionConfigurationPlatforms) = preSolution
		Debug|Any CPU = Debug|Any CPU
		Release|Any CPU = Release|Any CPU
	EndGlobalSection
	GlobalSection(ProjectConfigurationPlatforms) = postSolution
		{1A311263-6076-432E-AD91-18C05A0E3239}.Debug|Any CPU.ActiveCfg = Debug|Any CPU
		{1A311263-6076-432E-AD91-18C05A0E3239}.Debug|Any CPU.Build.0 = Debug|Any CPU
		{1A311263-6076-432E-AD91-18C05A0E3239}.Release|Any CPU.ActiveCfg = Release|Any CPU
		{1A311263-6076-432E-AD91-18C05A0E3239}.Release|Any CPU.Build.0 = Release|Any CPU
		{770256DA-FAC8-4A67-8B18-BCB0FD0AFF9B}.Debug|Any CPU.ActiveCfg = Debug|Any CPU
		{770256DA-FAC8-4A67-8B18-BCB0FD0AFF9B}.Debug|Any CPU.Build.0 = Debug|Any CPU
		{770256DA-FAC8-4A67-8B18-BCB0FD0AFF9B}.Release|Any CPU.ActiveCfg = Release|Any CPU
		{770256DA-FAC8-4A67-8B18-BCB0FD0AFF9B}.Release|Any CPU.Build.0 = Release|Any CPU
	EndGlobalSection
	GlobalSection(SolutionProperties) = preSolution
		HideSolutionNode = FALSE
	EndGlobalSection
	GlobalSection(ExtensibilityGlobals) = postSolution
		SolutionGuid = {EE968D50-7F22-444B-8DF1-4A826A62D030}
	EndGlobalSection
EndGlobal
